{
    "name": "hirakana",
    "version": "0.1.0",
    "lockfileVersion": 1,
    "requires": true,
    "dependencies": {
        "jp-conversion": {
            "version": "0.0.7",
            "resolved": "https://registry.npmjs.org/jp-conversion/-/jp-conversion-0.0.7.tgz",
            "integrity": "sha1-sIwcz3pvEdOjXYJZGAofbfnohWk=",
            "requires": {
                "lodash": "^2.4.1"
            }
        },
        "lodash": {
            "version": "2.4.2",
            "resolved": "https://registry.npmjs.org/lodash/-/lodash-2.4.2.tgz",
            "integrity": "sha1-+t2DS5aDBz2hebPq5tnA0VBT9z4="
        },
        "requirejs": {
            "version": "2.3.6",
            "resolved": "https://registry.npmjs.org/requirejs/-/requirejs-2.3.6.tgz",
            "integrity": "sha512-ipEzlWQe6RK3jkzikgCupiTbTvm4S0/CAU5GlgptkN5SO6F3u0UD0K18wy6ErDqiCyP4J4YYe1HuAShvsxePLg=="
        }
    }
}
